// !$*UTF8*$!
{
	archiveVersion = 1;
	classes = {
	};
	objectVersion = 50;
	objects = {

/* Begin PBXBuildFile section */
		D1BDF76B2466799000C94484 /* AppDelegate.swift in Sources */ = {isa = PBXBuildFile; fileRef = D1BDF76A2466799000C94484 /* AppDelegate.swift */; };
		D1BDF76D2466799000C94484 /* SceneDelegate.swift in Sources */ = {isa = PBXBuildFile; fileRef = D1BDF76C2466799000C94484 /* SceneDelegate.swift */; };
		D1BDF76F2466799000C94484 /* ViewController.swift in Sources */ = {isa = PBXBuildFile; fileRef = D1BDF76E2466799000C94484 /* ViewController.swift */; };
		D1BDF7722466799000C94484 /* Main.storyboard in Resources */ = {isa = PBXBuildFile; fileRef = D1BDF7702466799000C94484 /* Main.storyboard */; };
		D1BDF7742466799100C94484 /* Assets.xcassets in Resources */ = {isa = PBXBuildFile; fileRef = D1BDF7732466799100C94484 /* Assets.xcassets */; };
		D1BDF7772466799100C94484 /* LaunchScreen.storyboard in Resources */ = {isa = PBXBuildFile; fileRef = D1BDF7752466799100C94484 /* LaunchScreen.storyboard */; };
		D1BDF7822466799200C94484 /* leaders_07_wordbookTests.swift in Sources */ = {isa = PBXBuildFile; fileRef = D1BDF7812466799200C94484 /* leaders_07_wordbookTests.swift */; };
		D1BDF78D2466799200C94484 /* leaders_07_wordbookUITests.swift in Sources */ = {isa = PBXBuildFile; fileRef = D1BDF78C2466799200C94484 /* leaders_07_wordbookUITests.swift */; };
		D1BDF79E246679AD00C94484 /* word_blank.png in Resources */ = {isa = PBXBuildFile; fileRef = D1BDF79B246679AD00C94484 /* word_blank.png */; };
		D1BDF79F246679AD00C94484 /* fin.png in Resources */ = {isa = PBXBuildFile; fileRef = D1BDF79C246679AD00C94484 /* fin.png */; };
		D1BDF7A0246679AD00C94484 /* title_logo.png in Resources */ = {isa = PBXBuildFile; fileRef = D1BDF79D246679AD00C94484 /* title_logo.png */; };
		D1BDF7A224667F6600C94484 /* QuestionViewController.swift in Sources */ = {isa = PBXBuildFile; fileRef = D1BDF7A124667F6600C94484 /* QuestionViewController.swift */; };
		D1BDF7A424667F8700C94484 /* FinishViewController.swift in Sources */ = {isa = PBXBuildFile; fileRef = D1BDF7A324667F8700C94484 /* FinishViewController.swift */; };
		D1BDF7A624667FA200C94484 /* ListTableTableViewController.swift in Sources */ = {isa = PBXBuildFile; fileRef = D1BDF7A524667FA200C94484 /* ListTableTableViewController.swift */; };
		D1BDF7A82466801B00C94484 /* AddViewController.swift in Sources */ = {isa = PBXBuildFile; fileRef = D1BDF7A72466801B00C94484 /* AddViewController.swift */; };
		D1BDF7AA246685BF00C94484 /* ListTableViewCell.swift in Sources */ = {isa = PBXBuildFile; fileRef = D1BDF7A9246685BF00C94484 /* ListTableViewCell.swift */; };
/* End PBXBuildFile section */

/* Begin PBXContainerItemProxy section */
		D1BDF77E2466799200C94484 /* PBXContainerItemProxy */ = {
			isa = PBXContainerItemProxy;
			containerPortal = D1BDF75F2466798F00C94484 /* Project object */;
			proxyType = 1;
			remoteGlobalIDString = D1BDF7662466799000C94484;
			remoteInfo = leaders_07_wordbook;
		};
		D1BDF7892466799200C94484 /* PBXContainerItemProxy */ = {
			isa = PBXContainerItemProxy;
			containerPortal = D1BDF75F2466798F00C94484 /* Project object */;
			proxyType = 1;
			remoteGlobalIDString = D1BDF7662466799000C94484;
			remoteInfo = leaders_07_wordbook;
		};
/* End PBXContainerItemProxy section */

/* Begin PBXFileReference section */
		D1BDF7672466799000C94484 /* leaders_07_wordbook.app */ = {isa = PBXFileReference; explicitFileType = wrapper.application; includeInIndex = 0; path = leaders_07_wordbook.app; sourceTree = BUILT_PRODUCTS_DIR; };
		D1BDF76A2466799000C94484 /* AppDelegate.swift */ = {isa = PBXFileReference; lastKnownFileType = sourcecode.swift; path = AppDelegate.swift; sourceTree = "<group>"; };
		D1BDF76C2466799000C94484 /* SceneDelegate.swift */ = {isa = PBXFileReference; lastKnownFileType = sourcecode.swift; path = SceneDelegate.swift; sourceTree = "<group>"; };
		D1BDF76E2466799000C94484 /* ViewController.swift */ = {isa = PBXFileReference; lastKnownFileType = sourcecode.swift; path = ViewController.swift; sourceTree = "<group>"; };
		D1BDF7712466799000C94484 /* Base */ = {isa = PBXFileReference; lastKnownFileType = file.storyboard; name = Base; path = Base.lproj/Main.storyboard; sourceTree = "<group>"; };
		D1BDF7732466799100C94484 /* Assets.xcassets */ = {isa = PBXFileReference; lastKnownFileType = folder.assetcatalog; path = Assets.xcassets; sourceTree = "<group>"; };
		D1BDF7762466799100C94484 /* Base */ = {isa = PBXFileReference; lastKnownFileType = file.storyboard; name = Base; path = Base.lproj/LaunchScreen.storyboard; sourceTree = "<group>"; };
		D1BDF7782466799100C94484 /* Info.plist */ = {isa = PBXFileReference; lastKnownFileType = text.plist.xml; path = Info.plist; sourceTree = "<group>"; };
		D1BDF77D2466799200C94484 /* leaders_07_wordbookTests.xctest */ = {isa = PBXFileReference; explicitFileType = wrapper.cfbundle; includeInIndex = 0; path = leaders_07_wordbookTests.xctest; sourceTree = BUILT_PRODUCTS_DIR; };
		D1BDF7812466799200C94484 /* leaders_07_wordbookTests.swift */ = {isa = PBXFileReference; lastKnownFileType = sourcecode.swift; path = leaders_07_wordbookTests.swift; sourceTree = "<group>"; };
		D1BDF7832466799200C94484 /* Info.plist */ = {isa = PBXFileReference; lastKnownFileType = text.plist.xml; path = Info.plist; sourceTree = "<group>"; };
		D1BDF7882466799200C94484 /* leaders_07_wordbookUITests.xctest */ = {isa = PBXFileReference; explicitFileType = wrapper.cfbundle; includeInIndex = 0; path = leaders_07_wordbookUITests.xctest; sourceTree = BUILT_PRODUCTS_DIR; };
		D1BDF78C2466799200C94484 /* leaders_07_wordbookUITests.swift */ = {isa = PBXFileReference; lastKnownFileType = sourcecode.swift; path = leaders_07_wordbookUITests.swift; sourceTree = "<group>"; };
		D1BDF78E2466799200C94484 /* Info.plist */ = {isa = PBXFileReference; lastKnownFileType = text.plist.xml; path = Info.plist; sourceTree = "<group>"; };
		D1BDF79B246679AD00C94484 /* word_blank.png */ = {isa = PBXFileReference; lastKnownFileType = image.png; path = word_blank.png; sourceTree = "<group>"; };
		D1BDF79C246679AD00C94484 /* fin.png */ = {isa = PBXFileReference; lastKnownFileType = image.png; path = fin.png; sourceTree = "<group>"; };
		D1BDF79D246679AD00C94484 /* title_logo.png */ = {isa = PBXFileReference; lastKnownFileType = image.png; path = title_logo.png; sourceTree = "<group>"; };
		D1BDF7A124667F6600C94484 /* QuestionViewController.swift */ = {isa = PBXFileReference; lastKnownFileType = sourcecode.swift; path = QuestionViewController.swift; sourceTree = "<group>"; };
		D1BDF7A324667F8700C94484 /* FinishViewController.swift */ = {isa = PBXFileReference; lastKnownFileType = sourcecode.swift; path = FinishViewController.swift; sourceTree = "<group>"; };
		D1BDF7A524667FA200C94484 /* ListTableTableViewController.swift */ = {isa = PBXFileReference; lastKnownFileType = sourcecode.swift; path = ListTableTableViewController.swift; sourceTree = "<group>"; };
		D1BDF7A72466801B00C94484 /* AddViewController.swift */ = {isa = PBXFileReference; lastKnownFileType = sourcecode.swift; path = AddViewController.swift; sourceTree = "<group>"; };
		D1BDF7A9246685BF00C94484 /* ListTableViewCell.swift */ = {isa = PBXFileReference; lastKnownFileType = sourcecode.swift; path = ListTableViewCell.swift; sourceTree = "<group>"; };
/* End PBXFileReference section */

/* Begin PBXFrameworksBuildPhase section */
		D1BDF7642466799000C94484 /* Frameworks */ = {
			isa = PBXFrameworksBuildPhase;
			buildActionMask = 2147483647;
			files = (
			);
			runOnlyForDeploymentPostprocessing = 0;
		};
		D1BDF77A2466799200C94484 /* Frameworks */ = {
			isa = PBXFrameworksBuildPhase;
			buildActionMask = 2147483647;
			files = (
			);
			runOnlyForDeploymentPostprocessing = 0;
		};
		D1BDF7852466799200C94484 /* Frameworks */ = {
			isa = PBXFrameworksBuildPhase;
			buildActionMask = 2147483647;
			files = (
			);
			runOnlyForDeploymentPostprocessing = 0;
		};
/* End PBXFrameworksBuildPhase section */

/* Begin PBXGroup section */
		D1BDF75E2466798F00C94484 = {
			isa = PBXGroup;
			children = (
				D1BDF7692466799000C94484 /* leaders_07_wordbook */,
				D1BDF7802466799200C94484 /* leaders_07_wordbookTests */,
				D1BDF78B2466799200C94484 /* leaders_07_wordbookUITests */,
				D1BDF7682466799000C94484 /* Products */,
			);
			sourceTree = "<group>";
		};
		D1BDF7682466799000C94484 /* Products */ = {
			isa = PBXGroup;
			children = (
				D1BDF7672466799000C94484 /* leaders_07_wordbook.app */,
				D1BDF77D2466799200C94484 /* leaders_07_wordbookTests.xctest */,
				D1BDF7882466799200C94484 /* leaders_07_wordbookUITests.xctest */,
			);
			name = Products;
			sourceTree = "<group>";
		};
		D1BDF7692466799000C94484 /* leaders_07_wordbook */ = {
			isa = PBXGroup;
			children = (
				D1BDF79A246679AD00C94484 /* WordList素材 */,
				D1BDF76A2466799000C94484 /* AppDelegate.swift */,
				D1BDF76C2466799000C94484 /* SceneDelegate.swift */,
				D1BDF76E2466799000C94484 /* ViewController.swift */,
				D1BDF7702466799000C94484 /* Main.storyboard */,
				D1BDF7732466799100C94484 /* Assets.xcassets */,
				D1BDF7752466799100C94484 /* LaunchScreen.storyboard */,
				D1BDF7782466799100C94484 /* Info.plist */,
				D1BDF7A124667F6600C94484 /* QuestionViewController.swift */,
				D1BDF7A324667F8700C94484 /* FinishViewController.swift */,
				D1BDF7A524667FA200C94484 /* ListTableTableViewController.swift */,
				D1BDF7A72466801B00C94484 /* AddViewController.swift */,
				D1BDF7A9246685BF00C94484 /* ListTableViewCell.swift */,
			);
			path = leaders_07_wordbook;
			sourceTree = "<group>";
		};
		D1BDF7802466799200C94484 /* leaders_07_wordbookTests */ = {
			isa = PBXGroup;
			children = (
				D1BDF7812466799200C94484 /* leaders_07_wordbookTests.swift */,
				D1BDF7832466799200C94484 /* Info.plist */,
			);
			path = leaders_07_wordbookTests;
			sourceTree = "<group>";
		};
		D1BDF78B2466799200C94484 /* leaders_07_wordbookUITests */ = {
			isa = PBXGroup;
			children = (
				D1BDF78C2466799200C94484 /* leaders_07_wordbookUITests.swift */,
				D1BDF78E2466799200C94484 /* Info.plist */,
			);
			path = leaders_07_wordbookUITests;
			sourceTree = "<group>";
		};
		D1BDF79A246679AD00C94484 /* WordList素材 */ = {
			isa = PBXGroup;
			children = (
				D1BDF79B246679AD00C94484 /* word_blank.png */,
				D1BDF79C246679AD00C94484 /* fin.png */,
				D1BDF79D246679AD00C94484 /* title_logo.png */,
			);
			path = "WordList素材";
			sourceTree = "<group>";
		};
/* End PBXGroup section */

/* Begin PBXNativeTarget section */
		D1BDF7662466799000C94484 /* leaders_07_wordbook */ = {
			isa = PBXNativeTarget;
			buildConfigurationList = D1BDF7912466799200C94484 /* Build configuration list for PBXNativeTarget "leaders_07_wordbook" */;
			buildPhases = (
				D1BDF7632466799000C94484 /* Sources */,
				D1BDF7642466799000C94484 /* Frameworks */,
				D1BDF7652466799000C94484 /* Resources */,
			);
			buildRules = (
			);
			dependencies = (
			);
			name = leaders_07_wordbook;
			productName = leaders_07_wordbook;
			productReference = D1BDF7672466799000C94484 /* leaders_07_wordbook.app */;
			productType = "com.apple.product-type.application";
		};
		D1BDF77C2466799200C94484 /* leaders_07_wordbookTests */ = {
			isa = PBXNativeTarget;
			buildConfigurationList = D1BDF7942466799200C94484 /* Build configuration list for PBXNativeTarget "leaders_07_wordbookTests" */;
			buildPhases = (
				D1BDF7792466799200C94484 /* Sources */,
				D1BDF77A2466799200C94484 /* Frameworks */,
				D1BDF77B2466799200C94484 /* Resources */,
			);
			buildRules = (
			);
			dependencies = (
				D1BDF77F2466799200C94484 /* PBXTargetDependency */,
			);
			name = leaders_07_wordbookTests;
			productName = leaders_07_wordbookTests;
			productReference = D1BDF77D2466799200C94484 /* leaders_07_wordbookTests.xctest */;
			productType = "com.apple.product-type.bundle.unit-test";
		};
		D1BDF7872466799200C94484 /* leaders_07_wordbookUITests */ = {
			isa = PBXNativeTarget;
			buildConfigurationList = D1BDF7972466799200C94484 /* Build configuration list for PBXNativeTarget "leaders_07_wordbookUITests" */;
			buildPhases = (
				D1BDF7842466799200C94484 /* Sources */,
				D1BDF7852466799200C94484 /* Frameworks */,
				D1BDF7862466799200C94484 /* Resources */,
			);
			buildRules = (
			);
			dependencies = (
				D1BDF78A2466799200C94484 /* PBXTargetDependency */,
			);
			name = leaders_07_wordbookUITests;
			productName = leaders_07_wordbookUITests;
			productReference = D1BDF7882466799200C94484 /* leaders_07_wordbookUITests.xctest */;
			productType = "com.apple.product-type.bundle.ui-testing";
		};
/* End PBXNativeTarget section */

/* Begin PBXProject section */
		D1BDF75F2466798F00C94484 /* Project object */ = {
			isa = PBXProject;
			attributes = {
				LastSwiftUpdateCheck = 1140;
				LastUpgradeCheck = 1140;
				ORGANIZATIONNAME = "Yoshinori Shibahara";
				TargetAttributes = {
					D1BDF7662466799000C94484 = {
						CreatedOnToolsVersion = 11.4.1;
					};
					D1BDF77C2466799200C94484 = {
						CreatedOnToolsVersion = 11.4.1;
						TestTargetID = D1BDF7662466799000C94484;
					};
					D1BDF7872466799200C94484 = {
						CreatedOnToolsVersion = 11.4.1;
						TestTargetID = D1BDF7662466799000C94484;
					};
				};
			};
			buildConfigurationList = D1BDF7622466799000C94484 /* Build configuration list for PBXProject "leaders_07_wordbook" */;
			compatibilityVersion = "Xcode 9.3";
			developmentRegion = en;
			hasScannedForEncodings = 0;
			knownRegions = (
				en,
				Base,
			);
			mainGroup = D1BDF75E2466798F00C94484;
			productRefGroup = D1BDF7682466799000C94484 /* Products */;
			projectDirPath = "";
			projectRoot = "";
			targets = (
				D1BDF7662466799000C94484 /* leaders_07_wordbook */,
				D1BDF77C2466799200C94484 /* leaders_07_wordbookTests */,
				D1BDF7872466799200C94484 /* leaders_07_wordbookUITests */,
			);
		};
/* End PBXProject section */

/* Begin PBXResourcesBuildPhase section */
		D1BDF7652466799000C94484 /* Resources */ = {
			isa = PBXResourcesBuildPhase;
			buildActionMask = 2147483647;
			files = (
				D1BDF79E246679AD00C94484 /* word_blank.png in Resources */,
				D1BDF7A0246679AD00C94484 /* title_logo.png in Resources */,
				D1BDF7772466799100C94484 /* LaunchScreen.storyboard in Resources */,
				D1BDF7742466799100C94484 /* Assets.xcassets in Resources */,
				D1BDF79F246679AD00C94484 /* fin.png in Resources */,
				D1BDF7722466799000C94484 /* Main.storyboard in Resources */,
			);
			runOnlyForDeploymentPostprocessing = 0;
		};
		D1BDF77B2466799200C94484 /* Resources */ = {
			isa = PBXResourcesBuildPhase;
			buildActionMask = 2147483647;
			files = (
			);
			runOnlyForDeploymentPostprocessing = 0;
		};
		D1BDF7862466799200C94484 /* Resources */ = {
			isa = PBXResourcesBuildPhase;
			buildActionMask = 2147483647;
			files = (
			);
			runOnlyForDeploymentPostprocessing = 0;
		};
/* End PBXResourcesBuildPhase section */

/* Begin PBXSourcesBuildPhase section */
		D1BDF7632466799000C94484 /* Sources */ = {
			isa = PBXSourcesBuildPhase;
			buildActionMask = 2147483647;
			files = (
				D1BDF7A424667F8700C94484 /* FinishViewController.swift in Sources */,
				D1BDF7AA246685BF00C94484 /* ListTableViewCell.swift in Sources */,
				D1BDF76F2466799000C94484 /* ViewController.swift in Sources */,
				D1BDF7A82466801B00C94484 /* AddViewController.swift in Sources */,
				D1BDF76B2466799000C94484 /* AppDelegate.swift in Sources */,
				D1BDF7A224667F6600C94484 /* QuestionViewController.swift in Sources */,
				D1BDF7A624667FA200C94484 /* ListTableTableViewController.swift in Sources */,
				D1BDF76D2466799000C94484 /* SceneDelegate.swift in Sources */,
			);
			runOnlyForDeploymentPostprocessing = 0;
		};
		D1BDF7792466799200C94484 /* Sources */ = {
			isa = PBXSourcesBuildPhase;
			buildActionMask = 2147483647;
			files = (
				D1BDF7822466799200C94484 /* leaders_07_wordbookTests.swift in Sources */,
			);
			runOnlyForDeploymentPostprocessing = 0;
		};
		D1BDF7842466799200C94484 /* Sources */ = {
			isa = PBXSourcesBuildPhase;
			buildActionMask = 2147483647;
			files = (
				D1BDF78D2466799200C94484 /* leaders_07_wordbookUITests.swift in Sources */,
			);
			runOnlyForDeploymentPostprocessing = 0;
		};
/* End PBXSourcesBuildPhase section */

/* Begin PBXTargetDependency section */
		D1BDF77F2466799200C94484 /* PBXTargetDependency */ = {
			isa = PBXTargetDependency;
			target = D1BDF7662466799000C94484 /* leaders_07_wordbook */;
			targetProxy = D1BDF77E2466799200C94484 /* PBXContainerItemProxy */;
		};
		D1BDF78A2466799200C94484 /* PBXTargetDependency */ = {
			isa = PBXTargetDependency;
			target = D1BDF7662466799000C94484 /* leaders_07_wordbook */;
			targetProxy = D1BDF7892466799200C94484 /* PBXContainerItemProxy */;
		};
/* End PBXTargetDependency section */

/* Begin PBXVariantGroup section */
		D1BDF7702466799000C94484 /* Main.storyboard */ = {
			isa = PBXVariantGroup;
			children = (
				D1BDF7712466799000C94484 /* Base */,
			);
			name = Main.storyboard;
			sourceTree = "<group>";
		};
		D1BDF7752466799100C94484 /* LaunchScreen.storyboard */ = {
			isa = PBXVariantGroup;
			children = (
				D1BDF7762466799100C94484 /* Base */,
			);
			name = LaunchScreen.storyboard;
			sourceTree = "<group>";
		};
/* End PBXVariantGroup section */

/* Begin XCBuildConfiguration section */
		D1BDF78F2466799200C94484 /* Debug */ = {
			isa = XCBuildConfiguration;
			buildSettings = {
				ALWAYS_SEARCH_USER_PATHS = NO;
				CLANG_ANALYZER_NONNULL = YES;
				CLANG_ANALYZER_NUMBER_OBJECT_CONVERSION = YES_AGGRESSIVE;
				CLANG_CXX_LANGUAGE_STANDARD = "gnu++14";
				CLANG_CXX_LIBRARY = "libc++";
				CLANG_ENABLE_MODULES = YES;
				CLANG_ENABLE_OBJC_ARC = YES;
				CLANG_ENABLE_OBJC_WEAK = YES;
				CLANG_WARN_BLOCK_CAPTURE_AUTORELEASING = YES;
				CLANG_WARN_BOOL_CONVERSION = YES;
				CLANG_WARN_COMMA = YES;
				CLANG_WARN_CONSTANT_CONVERSION = YES;
				CLANG_WARN_DEPRECATED_OBJC_IMPLEMENTATIONS = YES;
				CLANG_WARN_DIRECT_OBJC_ISA_USAGE = YES_ERROR;
				CLANG_WARN_DOCUMENTATION_COMMENTS = YES;
				CLANG_WARN_EMPTY_BODY = YES;
				CLANG_WARN_ENUM_CONVERSION = YES;
				CLANG_WARN_INFINITE_RECURSION = YES;
				CLANG_WARN_INT_CONVERSION = YES;
				CLANG_WARN_NON_LITERAL_NULL_CONVERSION = YES;
				CLANG_WARN_OBJC_IMPLICIT_RETAIN_SELF = YES;
				CLANG_WARN_OBJC_LITERAL_CONVERSION = YES;
				CLANG_WARN_OBJC_ROOT_CLASS = YES_ERROR;
				CLANG_WARN_RANGE_LOOP_ANALYSIS = YES;
				CLANG_WARN_STRICT_PROTOTYPES = YES;
				CLANG_WARN_SUSPICIOUS_MOVE = YES;
				CLANG_WARN_UNGUARDED_AVAILABILITY = YES_AGGRESSIVE;
				CLANG_WARN_UNREACHABLE_CODE = YES;
				CLANG_WARN__DUPLICATE_METHOD_MATCH = YES;
				COPY_PHASE_STRIP = NO;
				DEBUG_INFORMATION_FORMAT = dwarf;
				ENABLE_STRICT_OBJC_MSGSEND = YES;
				ENABLE_TESTABILITY = YES;
				GCC_C_LANGUAGE_STANDARD = gnu11;
				GCC_DYNAMIC_NO_PIC = NO;
				GCC_NO_COMMON_BLOCKS = YES;
				GCC_OPTIMIZATION_LEVEL = 0;
				GCC_PREPROCESSOR_DEFINITIONS = (
					"DEBUG=1",
					"$(inherited)",
				);
				GCC_WARN_64_TO_32_BIT_CONVERSION = YES;
				GCC_WARN_ABOUT_RETURN_TYPE = YES_ERROR;
				GCC_WARN_UNDECLARED_SELECTOR = YES;
				GCC_WARN_UNINITIALIZED_AUTOS = YES_AGGRESSIVE;
				GCC_WARN_UNUSED_FUNCTION = YES;
				GCC_WARN_UNUSED_VARIABLE = YES;
				IPHONEOS_DEPLOYMENT_TARGET = 13.4;
				MTL_ENABLE_DEBUG_INFO = INCLUDE_SOURCE;
				MTL_FAST_MATH = YES;
				ONLY_ACTIVE_ARCH = YES;
				SDKROOT = iphoneos;
				SWIFT_ACTIVE_COMPILATION_CONDITIONS = DEBUG;
				SWIFT_OPTIMIZATION_LEVEL = "-Onone";
			};
			name = Debug;
		};
		D1BDF7902466799200C94484 /* Release */ = {
			isa = XCBuildConfiguration;
			buildSettings = {
				ALWAYS_SEARCH_USER_PATHS = NO;
				CLANG_ANALYZER_NONNULL = YES;
				CLANG_ANALYZER_NUMBER_OBJECT_CONVERSION = YES_AGGRESSIVE;
				CLANG_CXX_LANGUAGE_STANDARD = "gnu++14";
				CLANG_CXX_LIBRARY = "libc++";
				CLANG_ENABLE_MODULES = YES;
				CLANG_ENABLE_OBJC_ARC = YES;
				CLANG_ENABLE_OBJC_WEAK = YES;
				CLANG_WARN_BLOCK_CAPTURE_AUTORELEASING = YES;
				CLANG_WARN_BOOL_CONVERSION = YES;
				CLANG_WARN_COMMA = YES;
				CLANG_WARN_CONSTANT_CONVERSION = YES;
				CLANG_WARN_DEPRECATED_OBJC_IMPLEMENTATIONS = YES;
				CLANG_WARN_DIRECT_OBJC_ISA_USAGE = YES_ERROR;
				CLANG_WARN_DOCUMENTATION_COMMENTS = YES;
				CLANG_WARN_EMPTY_BODY = YES;
				CLANG_WARN_ENUM_CONVERSION = YES;
				CLANG_WARN_INFINITE_RECURSION = YES;
				CLANG_WARN_INT_CONVERSION = YES;
				CLANG_WARN_NON_LITERAL_NULL_CONVERSION = YES;
				CLANG_WARN_OBJC_IMPLICIT_RETAIN_SELF = YES;
				CLANG_WARN_OBJC_LITERAL_CONVERSION = YES;
				CLANG_WARN_OBJC_ROOT_CLASS = YES_ERROR;
				CLANG_WARN_RANGE_LOOP_ANALYSIS = YES;
				CLANG_WARN_STRICT_PROTOTYPES = YES;
				CLANG_WARN_SUSPICIOUS_MOVE = YES;
				CLANG_WARN_UNGUARDED_AVAILABILITY = YES_AGGRESSIVE;
				CLANG_WARN_UNREACHABLE_CODE = YES;
				CLANG_WARN__DUPLICATE_METHOD_MATCH = YES;
				COPY_PHASE_STRIP = NO;
				DEBUG_INFORMATION_FORMAT = "dwarf-with-dsym";
				ENABLE_NS_ASSERTIONS = NO;
				ENABLE_STRICT_OBJC_MSGSEND = YES;
				GCC_C_LANGUAGE_STANDARD = gnu11;
				GCC_NO_COMMON_BLOCKS = YES;
				GCC_WARN_64_TO_32_BIT_CONVERSION = YES;
				GCC_WARN_ABOUT_RETURN_TYPE = YES_ERROR;
				GCC_WARN_UNDECLARED_SELECTOR = YES;
				GCC_WARN_UNINITIALIZED_AUTOS = YES_AGGRESSIVE;
				GCC_WARN_UNUSED_FUNCTION = YES;
				GCC_WARN_UNUSED_VARIABLE = YES;
				IPHONEOS_DEPLOYMENT_TARGET = 13.4;
				MTL_ENABLE_DEBUG_INFO = NO;
				MTL_FAST_MATH = YES;
				SDKROOT = iphoneos;
				SWIFT_COMPILATION_MODE = wholemodule;
				SWIFT_OPTIMIZATION_LEVEL = "-O";
				VALIDATE_PRODUCT = YES;
			};
			name = Release;
		};
		D1BDF7922466799200C94484 /* Debug */ = {
			isa = XCBuildConfiguration;
			buildSettings = {
				ASSETCATALOG_COMPILER_APPICON_NAME = AppIcon;
				CODE_SIGN_STYLE = Automatic;
				DEVELOPMENT_TEAM = 4U939MWC6G;
				INFOPLIST_FILE = leaders_07_wordbook/Info.plist;
				LD_RUNPATH_SEARCH_PATHS = (
					"$(inherited)",
					"@executable_path/Frameworks",
				);
				PRODUCT_BUNDLE_IDENTIFIER = "shibahara107.leaders-07-wordbook";
				PRODUCT_NAME = "$(TARGET_NAME)";
				SWIFT_VERSION = 5.0;
				TARGETED_DEVICE_FAMILY = "1,2";
			};
			name = Debug;
		};
		D1BDF7932466799200C94484 /* Release */ = {
			isa = XCBuildConfiguration;
			buildSettings = {
				ASSETCATALOG_COMPILER_APPICON_NAME = AppIcon;
				CODE_SIGN_STYLE = Automatic;
				DEVELOPMENT_TEAM = 4U939MWC6G;
				INFOPLIST_FILE = leaders_07_wordbook/Info.plist;
				LD_RUNPATH_SEARCH_PATHS = (
					"$(inherited)",
					"@executable_path/Frameworks",
				);
				PRODUCT_BUNDLE_IDENTIFIER = "shibahara107.leaders-07-wordbook";
				PRODUCT_NAME = "$(TARGET_NAME)";
				SWIFT_VERSION = 5.0;
				TARGETED_DEVICE_FAMILY = "1,2";
			};
			name = Release;
		};
		D1BDF7952466799200C94484 /* Debug */ = {
			isa = XCBuildConfiguration;
			buildSettings = {
				ALWAYS_EMBED_SWIFT_STANDARD_LIBRARIES = YES;
				BUNDLE_LOADER = "$(TEST_HOST)";
				CODE_SIGN_STYLE = Automatic;
				DEVELOPMENT_TEAM = 4U939MWC6G;
				INFOPLIST_FILE = leaders_07_wordbookTests/Info.plist;
				IPHONEOS_DEPLOYMENT_TARGET = 13.4;
				LD_RUNPATH_SEARCH_PATHS = (
					"$(inherited)",
					"@executable_path/Frameworks",
					"@loader_path/Frameworks",
				);
				PRODUCT_BUNDLE_IDENTIFIER = "shibahara107.leaders-07-wordbookTests";
				PRODUCT_NAME = "$(TARGET_NAME)";
				SWIFT_VERSION = 5.0;
				TARGETED_DEVICE_FAMILY = "1,2";
				TEST_HOST = "$(BUILT_PRODUCTS_DIR)/leaders_07_wordbook.app/leaders_07_wordbook";
			};
			name = Debug;
		};
		D1BDF7962466799200C94484 /* Release */ = {
			isa = XCBuildConfiguration;
			buildSettings = {
				ALWAYS_EMBED_SWIFT_STANDARD_LIBRARIES = YES;
				BUNDLE_LOADER = "$(TEST_HOST)";
				CODE_SIGN_STYLE = Automatic;
				DEVELOPMENT_TEAM = 4U939MWC6G;
				INFOPLIST_FILE = leaders_07_wordbookTests/Info.plist;
				IPHONEOS_DEPLOYMENT_TARGET = 13.4;
				LD_RUNPATH_SEARCH_PATHS = (
					"$(inherited)",
					"@executable_path/Frameworks",
					"@loader_path/Frameworks",
				);
				PRODUCT_BUNDLE_IDENTIFIER = "shibahara107.leaders-07-wordbookTests";
				PRODUCT_NAME = "$(TARGET_NAME)";
				SWIFT_VERSION = 5.0;
				TARGETED_DEVICE_FAMILY = "1,2";
				TEST_HOST = "$(BUILT_PRODUCTS_DIR)/leaders_07_wordbook.app/leaders_07_wordbook";
			};
			name = Release;
		};
		D1BDF7982466799200C94484 /* Debug */ = {
			isa = XCBuildConfiguration;
			buildSettings = {
				ALWAYS_EMBED_SWIFT_STANDARD_LIBRARIES = YES;
				CODE_SIGN_STYLE = Automatic;
				DEVELOPMENT_TEAM = 4U939MWC6G;
				INFOPLIST_FILE = leaders_07_wordbookUITests/Info.plist;
				LD_RUNPATH_SEARCH_PATHS = (
					"$(inherited)",
					"@executable_path/Frameworks",
					"@loader_path/Frameworks",
				);
				PRODUCT_BUNDLE_IDENTIFIER = "shibahara107.leaders-07-wordbookUITests";
				PRODUCT_NAME = "$(TARGET_NAME)";
				SWIFT_VERSION = 5.0;
				TARGETED_DEVICE_FAMILY = "1,2";
				TEST_TARGET_NAME = leaders_07_wordbook;
			};
			name = Debug;
		};
		D1BDF7992466799200C94484 /* Release */ = {
			isa = XCBuildConfiguration;
			buildSettings = {
				ALWAYS_EMBED_SWIFT_STANDARD_LIBRARIES = YES;
				CODE_SIGN_STYLE = Automatic;
				DEVELOPMENT_TEAM = 4U939MWC6G;
				INFOPLIST_FILE = leaders_07_wordbookUITests/Info.plist;
				LD_RUNPATH_SEARCH_PATHS = (
					"$(inherited)",
					"@executable_path/Frameworks",
					"@loader_path/Frameworks",
				);
				PRODUCT_BUNDLE_IDENTIFIER = "shibahara107.leaders-07-wordbookUITests";
				PRODUCT_NAME = "$(TARGET_NAME)";
				SWIFT_VERSION = 5.0;
				TARGETED_DEVICE_FAMILY = "1,2";
				TEST_TARGET_NAME = leaders_07_wordbook;
			};
			name = Release;
		};
/* End XCBuildConfiguration section */

/* Begin XCConfigurationList section */
		D1BDF7622466799000C94484 /* Build configuration list for PBXProject "leaders_07_wordbook" */ = {
			isa = XCConfigurationList;
			buildConfigurations = (
				D1BDF78F2466799200C94484 /* Debug */,
				D1BDF7902466799200C94484 /* Release */,
			);
			defaultConfigurationIsVisible = 0;
			defaultConfigurationName = Release;
		};
		D1BDF7912466799200C94484 /* Build configuration list for PBXNativeTarget "leaders_07_wordbook" */ = {
			isa = XCConfigurationList;
			buildConfigurations = (
				D1BDF7922466799200C94484 /* Debug */,
				D1BDF7932466799200C94484 /* Release */,
			);
			defaultConfigurationIsVisible = 0;
			defaultConfigurationName = Release;
		};
		D1BDF7942466799200C94484 /* Build configuration list for PBXNativeTarget "leaders_07_wordbookTests" */ = {
			isa = XCConfigurationList;
			buildConfigurations = (
				D1BDF7952466799200C94484 /* Debug */,
				D1BDF7962466799200C94484 /* Release */,
			);
			defaultConfigurationIsVisible = 0;
			defaultConfigurationName = Release;
		};
		D1BDF7972466799200C94484 /* Build configuration list for PBXNativeTarget "leaders_07_wordbookUITests" */ = {
			isa = XCConfigurationList;
			buildConfigurations = (
				D1BDF7982466799200C94484 /* Debug */,
				D1BDF7992466799200C94484 /* Release */,
			);
			defaultConfigurationIsVisible = 0;
			defaultConfigurationName = Release;
		};
/* End XCConfigurationList section */
	};
	rootObject = D1BDF75F2466798F00C94484 /* Project object */;
}
